
Microsoft Visual Studio Solution File, Format Version 12.00
# Visual Studio 15
VisualStudioVersion = 15.0.28307.1684
MinimumVisualStudioVersion = 10.0.40219.1
Project("{FAE04EC0-301F-11D3-BF4B-00C04F79EFBC}") = "Xadrez-Console", "Xadrez-Console\Xadrez-Console.csproj", "{FAC0B113-7E49-4258-8F39-BDB53D6E28FC}"
EndProject
Global
	GlobalSection(SolutionConfigurationPlatforms) = preSolution
		Debug|Any CPU = Debug|Any CPU
		Release|Any CPU = Release|Any CPU
	EndGlobalSection
	GlobalSection(ProjectConfigurationPlatforms) = postSolution
		{FAC0B113-7E49-4258-8F39-BDB53D6E28FC}.Debug|Any CPU.ActiveCfg = Debug|Any CPU
		{FAC0B113-7E49-4258-8F39-BDB53D6E28FC}.Debug|Any CPU.Build.0 = Debug|Any CPU
		{FAC0B113-7E49-4258-8F39-BDB53D6E28FC}.Release|Any CPU.ActiveCfg = Release|Any CPU
		{FAC0B113-7E49-4258-8F39-BDB53D6E28FC}.Release|Any CPU.Build.0 = Release|Any CPU
	EndGlobalSection
	GlobalSection(SolutionProperties) = preSolution
		HideSolutionNode = FALSE
	EndGlobalSection
	GlobalSection(ExtensibilityGlobals) = postSolution
		SolutionGuid = {1D4178A6-F0D6-489F-9580-87338B79C8BF}
	EndGlobalSection
EndGlobal
